github.com/aws/aws-lambda-go v1.8.0 h1:YMCzi9FP7MNVVj9AkGpYyaqh/mvFOjhqiDtnNlWtKTg=
github.com/aws/aws-lambda-go v1.8.0/go.mod h1:zUsUQhAUjYzR8AuduJPCfhBuKWUaDbQiPOG+ouzmE1A=
github.com/sparrc/go-ping v0.0.0-20181106165434-ef3ab45e41b0 h1:mu7brOsdaH5Dqf93vdch+mr/0To8Sgc+yInt/jE/RJM=
github.com/sparrc/go-ping v0.0.0-20181106165434-ef3ab45e41b0/go.mod h1:eMyUVp6f/5jnzM+3zahzl7q6UXLbgSc3MKg/+ow9QW0=
github.com/tomsteele/go-nmap v0.0.0-20181105160706-3b9bafddefee h1:WLetZ3aTx2NKg2hTOp0a+Wv9axViBvK3C5xrl5LLmB4=
github.com/tomsteele/go-nmap v0.0.0-20181105160706-3b9bafddefee/go.mod h1:J5FsBj9uaXAn5G+CX8c9g+FkLwG2UAHqaxCGunmD1Hc=
golang.org/x/net v0.0.0-20181213202711-891ebc4b82d6 h1:gT0Y6H7hbVPUtvtk0YGxMXPgN+p8fYlqWkgJeUCZcaQ=
golang.org/x/net v0.0.0-20181213202711-891ebc4b82d6/go.mod h1:mL1N/T3taQHkDXs73rZJwtUhF3w3ftmwwsq0BUmARs4=
golang.org/x/sync v0.0.0-20181108010431-42b317875d0f h1:Bl/8QSvNqXvPGPGXa2z5xUTmV7VDcZyvRZ+QQXkXTZQ=
golang.org/x/sync v0.0.0-20181108010431-42b317875d0f/go.mod h1:RxMgew5VJxzue5/jJTE5uejpjVlOe/izrB70Jof72aM=
gopkg.in/check.v1 v0.0.0-20161208181325-20d25e280405/go.mod h1:Co6ibVJAznAaIkqp8huTwlJQCZ016jof/cbN4VW5Yz0=
gopkg.in/yaml.v2 v2.2.2 h1:ZCJp+EgiOT7lHqUV2J862kp8Qj64Jo6az82+3Td9dZw=
gopkg.in/yaml.v2 v2.2.2/go.mod h1:hI93XBmqTisBFMUTm0b8Fm+jr3Dg1NNxqwp+5A1VGuI=
